
Microsoft Visual Studio Solution File, Format Version 12.00
# Visual Studio Version 16
VisualStudioVersion = 16.0.31515.178
MinimumVisualStudioVersion = 10.0.40219.1
Project("{FAE04EC0-301F-11D3-BF4B-00C04F79EFBC}") = "07-VizeFinalNotuHesaplama.ConsoleApp", "07-VizeFinalNotuHesaplama.ConsoleApp\07-VizeFinalNotuHesaplama.ConsoleApp.csproj", "{CD64BA5B-46E1-416C-AE8C-6DE7471FBE8F}"
EndProject
Global
	GlobalSection(SolutionConfigurationPlatforms) = preSolution
		Debug|Any CPU = Debug|Any CPU
		Release|Any CPU = Release|Any CPU
	EndGlobalSection
	GlobalSection(ProjectConfigurationPlatforms) = postSolution
		{CD64BA5B-46E1-416C-AE8C-6DE7471FBE8F}.Debug|Any CPU.ActiveCfg = Debug|Any CPU
		{CD64BA5B-46E1-416C-AE8C-6DE7471FBE8F}.Debug|Any CPU.Build.0 = Debug|Any CPU
		{CD64BA5B-46E1-416C-AE8C-6DE7471FBE8F}.Release|Any CPU.ActiveCfg = Release|Any CPU
		{CD64BA5B-46E1-416C-AE8C-6DE7471FBE8F}.Release|Any CPU.Build.0 = Release|Any CPU
	EndGlobalSection
	GlobalSection(SolutionProperties) = preSolution
		HideSolutionNode = FALSE
	EndGlobalSection
	GlobalSection(ExtensibilityGlobals) = postSolution
		SolutionGuid = {476F6847-7981-474E-A1B7-EA6E0A25A360}
	EndGlobalSection
EndGlobal
